
Microsoft Visual Studio Solution File, Format Version 12.00
# Visual Studio 15
VisualStudioVersion = 15.0.28307.902
MinimumVisualStudioVersion = 10.0.40219.1
Project("{FAE04EC0-301F-11D3-BF4B-00C04F79EFBC}") = "Church", "Church\Church.csproj", "{0F8685E3-DECC-4737-A08D-E2EC4EF92FD7}"
EndProject
Project("{FAE04EC0-301F-11D3-BF4B-00C04F79EFBC}") = "ChurchTest", "ChurchTest\ChurchTest.csproj", "{4C0C6DF7-8997-478E-8923-9AAE46C7B2C8}"
EndProject
Global
	GlobalSection(SolutionConfigurationPlatforms) = preSolution
		Debug|Any CPU = Debug|Any CPU
		Release|Any CPU = Release|Any CPU
	EndGlobalSection
	GlobalSection(ProjectConfigurationPlatforms) = postSolution
		{0F8685E3-DECC-4737-A08D-E2EC4EF92FD7}.Debug|Any CPU.ActiveCfg = Debug|Any CPU
		{0F8685E3-DECC-4737-A08D-E2EC4EF92FD7}.Debug|Any CPU.Build.0 = Debug|Any CPU
		{0F8685E3-DECC-4737-A08D-E2EC4EF92FD7}.Release|Any CPU.ActiveCfg = Release|Any CPU
		{0F8685E3-DECC-4737-A08D-E2EC4EF92FD7}.Release|Any CPU.Build.0 = Release|Any CPU
		{4C0C6DF7-8997-478E-8923-9AAE46C7B2C8}.Debug|Any CPU.ActiveCfg = Debug|Any CPU
		{4C0C6DF7-8997-478E-8923-9AAE46C7B2C8}.Debug|Any CPU.Build.0 = Debug|Any CPU
		{4C0C6DF7-8997-478E-8923-9AAE46C7B2C8}.Release|Any CPU.ActiveCfg = Release|Any CPU
		{4C0C6DF7-8997-478E-8923-9AAE46C7B2C8}.Release|Any CPU.Build.0 = Release|Any CPU
	EndGlobalSection
	GlobalSection(SolutionProperties) = preSolution
		HideSolutionNode = FALSE
	EndGlobalSection
	GlobalSection(ExtensibilityGlobals) = postSolution
		SolutionGuid = {0A1F2CA1-5EA8-46D4-8168-FDDF6FE91B6C}
	EndGlobalSection
EndGlobal
